// !$*UTF8*$!
{
	archiveVersion = 1;
	classes = {
	};
	objectVersion = 50;
	objects = {

/* Begin PBXBuildFile section */
		6CE89862219D158C007593AB /* AppDelegate.swift in Sources */ = {isa = PBXBuildFile; fileRef = 6CE89861219D158C007593AB /* AppDelegate.swift */; };
		6CE89864219D158C007593AB /* ViewController.swift in Sources */ = {isa = PBXBuildFile; fileRef = 6CE89863219D158C007593AB /* ViewController.swift */; };
		6CE89867219D158C007593AB /* Main.storyboard in Resources */ = {isa = PBXBuildFile; fileRef = 6CE89865219D158C007593AB /* Main.storyboard */; };
		6CE89869219D158E007593AB /* Assets.xcassets in Resources */ = {isa = PBXBuildFile; fileRef = 6CE89868219D158E007593AB /* Assets.xcassets */; };
		6CE8986C219D158E007593AB /* LaunchScreen.storyboard in Resources */ = {isa = PBXBuildFile; fileRef = 6CE8986A219D158E007593AB /* LaunchScreen.storyboard */; };
		6CE89877219D158E007593AB /* ButtonScrollViewSampleTests.swift in Sources */ = {isa = PBXBuildFile; fileRef = 6CE89876219D158E007593AB /* ButtonScrollViewSampleTests.swift */; };
		6CE89882219D158E007593AB /* ButtonScrollViewSampleUITests.swift in Sources */ = {isa = PBXBuildFile; fileRef = 6CE89881219D158E007593AB /* ButtonScrollViewSampleUITests.swift */; };
/* End PBXBuildFile section */

/* Begin PBXContainerItemProxy section */
		6CE89873219D158E007593AB /* PBXContainerItemProxy */ = {
			isa = PBXContainerItemProxy;
			containerPortal = 6CE89856219D158C007593AB /* Project object */;
			proxyType = 1;
			remoteGlobalIDString = 6CE8985D219D158C007593AB;
			remoteInfo = ButtonScrollViewSample;
		};
		6CE8987E219D158E007593AB /* PBXContainerItemProxy */ = {
			isa = PBXContainerItemProxy;
			containerPortal = 6CE89856219D158C007593AB /* Project object */;
			proxyType = 1;
			remoteGlobalIDString = 6CE8985D219D158C007593AB;
			remoteInfo = ButtonScrollViewSample;
		};
/* End PBXContainerItemProxy section */

/* Begin PBXFileReference section */
		6CE8985E219D158C007593AB /* ButtonScrollViewSample.app */ = {isa = PBXFileReference; explicitFileType = wrapper.application; includeInIndex = 0; path = ButtonScrollViewSample.app; sourceTree = BUILT_PRODUCTS_DIR; };
		6CE89861219D158C007593AB /* AppDelegate.swift */ = {isa = PBXFileReference; lastKnownFileType = sourcecode.swift; path = AppDelegate.swift; sourceTree = "<group>"; };
		6CE89863219D158C007593AB /* ViewController.swift */ = {isa = PBXFileReference; lastKnownFileType = sourcecode.swift; path = ViewController.swift; sourceTree = "<group>"; };
		6CE89866219D158C007593AB /* Base */ = {isa = PBXFileReference; lastKnownFileType = file.storyboard; name = Base; path = Base.lproj/Main.storyboard; sourceTree = "<group>"; };
		6CE89868219D158E007593AB /* Assets.xcassets */ = {isa = PBXFileReference; lastKnownFileType = folder.assetcatalog; path = Assets.xcassets; sourceTree = "<group>"; };
		6CE8986B219D158E007593AB /* Base */ = {isa = PBXFileReference; lastKnownFileType = file.storyboard; name = Base; path = Base.lproj/LaunchScreen.storyboard; sourceTree = "<group>"; };
		6CE8986D219D158E007593AB /* Info.plist */ = {isa = PBXFileReference; lastKnownFileType = text.plist.xml; path = Info.plist; sourceTree = "<group>"; };
		6CE89872219D158E007593AB /* ButtonScrollViewSampleTests.xctest */ = {isa = PBXFileReference; explicitFileType = wrapper.cfbundle; includeInIndex = 0; path = ButtonScrollViewSampleTests.xctest; sourceTree = BUILT_PRODUCTS_DIR; };
		6CE89876219D158E007593AB /* ButtonScrollViewSampleTests.swift */ = {isa = PBXFileReference; lastKnownFileType = sourcecode.swift; path = ButtonScrollViewSampleTests.swift; sourceTree = "<group>"; };
		6CE89878219D158E007593AB /* Info.plist */ = {isa = PBXFileReference; lastKnownFileType = text.plist.xml; path = Info.plist; sourceTree = "<group>"; };
		6CE8987D219D158E007593AB /* ButtonScrollViewSampleUITests.xctest */ = {isa = PBXFileReference; explicitFileType = wrapper.cfbundle; includeInIndex = 0; path = ButtonScrollViewSampleUITests.xctest; sourceTree = BUILT_PRODUCTS_DIR; };
		6CE89881219D158E007593AB /* ButtonScrollViewSampleUITests.swift */ = {isa = PBXFileReference; lastKnownFileType = sourcecode.swift; path = ButtonScrollViewSampleUITests.swift; sourceTree = "<group>"; };
		6CE89883219D158E007593AB /* Info.plist */ = {isa = PBXFileReference; lastKnownFileType = text.plist.xml; path = Info.plist; sourceTree = "<group>"; };
/* End PBXFileReference section */

/* Begin PBXFrameworksBuildPhase section */
		6CE8985B219D158C007593AB /* Frameworks */ = {
			isa = PBXFrameworksBuildPhase;
			buildActionMask = 2147483647;
			files = (
			);
			runOnlyForDeploymentPostprocessing = 0;
		};
		6CE8986F219D158E007593AB /* Frameworks */ = {
			isa = PBXFrameworksBuildPhase;
			buildActionMask = 2147483647;
			files = (
			);
			runOnlyForDeploymentPostprocessing = 0;
		};
		6CE8987A219D158E007593AB /* Frameworks */ = {
			isa = PBXFrameworksBuildPhase;
			buildActionMask = 2147483647;
			files = (
			);
			runOnlyForDeploymentPostprocessing = 0;
		};
/* End PBXFrameworksBuildPhase section */

/* Begin PBXGroup section */
		6CE89855219D158C007593AB = {
			isa = PBXGroup;
			children = (
				6CE89860219D158C007593AB /* ButtonScrollViewSample */,
				6CE89875219D158E007593AB /* ButtonScrollViewSampleTests */,
				6CE89880219D158E007593AB /* ButtonScrollViewSampleUITests */,
				6CE8985F219D158C007593AB /* Products */,
			);
			sourceTree = "<group>";
		};
		6CE8985F219D158C007593AB /* Products */ = {
			isa = PBXGroup;
			children = (
				6CE8985E219D158C007593AB /* ButtonScrollViewSample.app */,
				6CE89872219D158E007593AB /* ButtonScrollViewSampleTests.xctest */,
				6CE8987D219D158E007593AB /* ButtonScrollViewSampleUITests.xctest */,
			);
			name = Products;
			sourceTree = "<group>";
		};
		6CE89860219D158C007593AB /* ButtonScrollViewSample */ = {
			isa = PBXGroup;
			children = (
				6CE89861219D158C007593AB /* AppDelegate.swift */,
				6CE89863219D158C007593AB /* ViewController.swift */,
				6CE89865219D158C007593AB /* Main.storyboard */,
				6CE89868219D158E007593AB /* Assets.xcassets */,
				6CE8986A219D158E007593AB /* LaunchScreen.storyboard */,
				6CE8986D219D158E007593AB /* Info.plist */,
			);
			path = ButtonScrollViewSample;
			sourceTree = "<group>";
		};
		6CE89875219D158E007593AB /* ButtonScrollViewSampleTests */ = {
			isa = PBXGroup;
			children = (
				6CE89876219D158E007593AB /* ButtonScrollViewSampleTests.swift */,
				6CE89878219D158E007593AB /* Info.plist */,
			);
			path = ButtonScrollViewSampleTests;
			sourceTree = "<group>";
		};
		6CE89880219D158E007593AB /* ButtonScrollViewSampleUITests */ = {
			isa = PBXGroup;
			children = (
				6CE89881219D158E007593AB /* ButtonScrollViewSampleUITests.swift */,
				6CE89883219D158E007593AB /* Info.plist */,
			);
			path = ButtonScrollViewSampleUITests;
			sourceTree = "<group>";
		};
/* End PBXGroup section */

/* Begin PBXNativeTarget section */
		6CE8985D219D158C007593AB /* ButtonScrollViewSample */ = {
			isa = PBXNativeTarget;
			buildConfigurationList = 6CE89886219D158E007593AB /* Build configuration list for PBXNativeTarget "ButtonScrollViewSample" */;
			buildPhases = (
				6CE8985A219D158C007593AB /* Sources */,
				6CE8985B219D158C007593AB /* Frameworks */,
				6CE8985C219D158C007593AB /* Resources */,
			);
			buildRules = (
			);
			dependencies = (
			);
			name = ButtonScrollViewSample;
			productName = ButtonScrollViewSample;
			productReference = 6CE8985E219D158C007593AB /* ButtonScrollViewSample.app */;
			productType = "com.apple.product-type.application";
		};
		6CE89871219D158E007593AB /* ButtonScrollViewSampleTests */ = {
			isa = PBXNativeTarget;
			buildConfigurationList = 6CE89889219D158E007593AB /* Build configuration list for PBXNativeTarget "ButtonScrollViewSampleTests" */;
			buildPhases = (
				6CE8986E219D158E007593AB /* Sources */,
				6CE8986F219D158E007593AB /* Frameworks */,
				6CE89870219D158E007593AB /* Resources */,
			);
			buildRules = (
			);
			dependencies = (
				6CE89874219D158E007593AB /* PBXTargetDependency */,
			);
			name = ButtonScrollViewSampleTests;
			productName = ButtonScrollViewSampleTests;
			productReference = 6CE89872219D158E007593AB /* ButtonScrollViewSampleTests.xctest */;
			productType = "com.apple.product-type.bundle.unit-test";
		};
		6CE8987C219D158E007593AB /* ButtonScrollViewSampleUITests */ = {
			isa = PBXNativeTarget;
			buildConfigurationList = 6CE8988C219D158E007593AB /* Build configuration list for PBXNativeTarget "ButtonScrollViewSampleUITests" */;
			buildPhases = (
				6CE89879219D158E007593AB /* Sources */,
				6CE8987A219D158E007593AB /* Frameworks */,
				6CE8987B219D158E007593AB /* Resources */,
			);
			buildRules = (
			);
			dependencies = (
				6CE8987F219D158E007593AB /* PBXTargetDependency */,
			);
			name = ButtonScrollViewSampleUITests;
			productName = ButtonScrollViewSampleUITests;
			productReference = 6CE8987D219D158E007593AB /* ButtonScrollViewSampleUITests.xctest */;
			productType = "com.apple.product-type.bundle.ui-testing";
		};
/* End PBXNativeTarget section */

/* Begin PBXProject section */
		6CE89856219D158C007593AB /* Project object */ = {
			isa = PBXProject;
			attributes = {
				LastSwiftUpdateCheck = 1010;
				LastUpgradeCheck = 1010;
				ORGANIZATIONNAME = pivot;
				TargetAttributes = {
					6CE8985D219D158C007593AB = {
						CreatedOnToolsVersion = 10.1;
					};
					6CE89871219D158E007593AB = {
						CreatedOnToolsVersion = 10.1;
						TestTargetID = 6CE8985D219D158C007593AB;
					};
					6CE8987C219D158E007593AB = {
						CreatedOnToolsVersion = 10.1;
						TestTargetID = 6CE8985D219D158C007593AB;
					};
				};
			};
			buildConfigurationList = 6CE89859219D158C007593AB /* Build configuration list for PBXProject "ButtonScrollViewSample" */;
			compatibilityVersion = "Xcode 9.3";
			developmentRegion = en;
			hasScannedForEncodings = 0;
			knownRegions = (
				en,
				Base,
			);
			mainGroup = 6CE89855219D158C007593AB;
			productRefGroup = 6CE8985F219D158C007593AB /* Products */;
			projectDirPath = "";
			projectRoot = "";
			targets = (
				6CE8985D219D158C007593AB /* ButtonScrollViewSample */,
				6CE89871219D158E007593AB /* ButtonScrollViewSampleTests */,
				6CE8987C219D158E007593AB /* ButtonScrollViewSampleUITests */,
			);
		};
/* End PBXProject section */

/* Begin PBXResourcesBuildPhase section */
		6CE8985C219D158C007593AB /* Resources */ = {
			isa = PBXResourcesBuildPhase;
			buildActionMask = 2147483647;
			files = (
				6CE8986C219D158E007593AB /* LaunchScreen.storyboard in Resources */,
				6CE89869219D158E007593AB /* Assets.xcassets in Resources */,
				6CE89867219D158C007593AB /* Main.storyboard in Resources */,
			);
			runOnlyForDeploymentPostprocessing = 0;
		};
		6CE89870219D158E007593AB /* Resources */ = {
			isa = PBXResourcesBuildPhase;
			buildActionMask = 2147483647;
			files = (
			);
			runOnlyForDeploymentPostprocessing = 0;
		};
		6CE8987B219D158E007593AB /* Resources */ = {
			isa = PBXResourcesBuildPhase;
			buildActionMask = 2147483647;
			files = (
			);
			runOnlyForDeploymentPostprocessing = 0;
		};
/* End PBXResourcesBuildPhase section */

/* Begin PBXSourcesBuildPhase section */
		6CE8985A219D158C007593AB /* Sources */ = {
			isa = PBXSourcesBuildPhase;
			buildActionMask = 2147483647;
			files = (
				6CE89864219D158C007593AB /* ViewController.swift in Sources */,
				6CE89862219D158C007593AB /* AppDelegate.swift in Sources */,
			);
			runOnlyForDeploymentPostprocessing = 0;
		};
		6CE8986E219D158E007593AB /* Sources */ = {
			isa = PBXSourcesBuildPhase;
			buildActionMask = 2147483647;
			files = (
				6CE89877219D158E007593AB /* ButtonScrollViewSampleTests.swift in Sources */,
			);
			runOnlyForDeploymentPostprocessing = 0;
		};
		6CE89879219D158E007593AB /* Sources */ = {
			isa = PBXSourcesBuildPhase;
			buildActionMask = 2147483647;
			files = (
				6CE89882219D158E007593AB /* ButtonScrollViewSampleUITests.swift in Sources */,
			);
			runOnlyForDeploymentPostprocessing = 0;
		};
/* End PBXSourcesBuildPhase section */

/* Begin PBXTargetDependency section */
		6CE89874219D158E007593AB /* PBXTargetDependency */ = {
			isa = PBXTargetDependency;
			target = 6CE8985D219D158C007593AB /* ButtonScrollViewSample */;
			targetProxy = 6CE89873219D158E007593AB /* PBXContainerItemProxy */;
		};
		6CE8987F219D158E007593AB /* PBXTargetDependency */ = {
			isa = PBXTargetDependency;
			target = 6CE8985D219D158C007593AB /* ButtonScrollViewSample */;
			targetProxy = 6CE8987E219D158E007593AB /* PBXContainerItemProxy */;
		};
/* End PBXTargetDependency section */

/* Begin PBXVariantGroup section */
		6CE89865219D158C007593AB /* Main.storyboard */ = {
			isa = PBXVariantGroup;
			children = (
				6CE89866219D158C007593AB /* Base */,
			);
			name = Main.storyboard;
			sourceTree = "<group>";
		};
		6CE8986A219D158E007593AB /* LaunchScreen.storyboard */ = {
			isa = PBXVariantGroup;
			children = (
				6CE8986B219D158E007593AB /* Base */,
			);
			name = LaunchScreen.storyboard;
			sourceTree = "<group>";
		};
/* End PBXVariantGroup section */

/* Begin XCBuildConfiguration section */
		6CE89884219D158E007593AB /* Debug */ = {
			isa = XCBuildConfiguration;
			buildSettings = {
				ALWAYS_SEARCH_USER_PATHS = NO;
				CLANG_ANALYZER_NONNULL = YES;
				CLANG_ANALYZER_NUMBER_OBJECT_CONVERSION = YES_AGGRESSIVE;
				CLANG_CXX_LANGUAGE_STANDARD = "gnu++14";
				CLANG_CXX_LIBRARY = "libc++";
				CLANG_ENABLE_MODULES = YES;
				CLANG_ENABLE_OBJC_ARC = YES;
				CLANG_ENABLE_OBJC_WEAK = YES;
				CLANG_WARN_BLOCK_CAPTURE_AUTORELEASING = YES;
				CLANG_WARN_BOOL_CONVERSION = YES;
				CLANG_WARN_COMMA = YES;
				CLANG_WARN_CONSTANT_CONVERSION = YES;
				CLANG_WARN_DEPRECATED_OBJC_IMPLEMENTATIONS = YES;
				CLANG_WARN_DIRECT_OBJC_ISA_USAGE = YES_ERROR;
				CLANG_WARN_DOCUMENTATION_COMMENTS = YES;
				CLANG_WARN_EMPTY_BODY = YES;
				CLANG_WARN_ENUM_CONVERSION = YES;
				CLANG_WARN_INFINITE_RECURSION = YES;
				CLANG_WARN_INT_CONVERSION = YES;
				CLANG_WARN_NON_LITERAL_NULL_CONVERSION = YES;
				CLANG_WARN_OBJC_IMPLICIT_RETAIN_SELF = YES;
				CLANG_WARN_OBJC_LITERAL_CONVERSION = YES;
				CLANG_WARN_OBJC_ROOT_CLASS = YES_ERROR;
				CLANG_WARN_RANGE_LOOP_ANALYSIS = YES;
				CLANG_WARN_STRICT_PROTOTYPES = YES;
				CLANG_WARN_SUSPICIOUS_MOVE = YES;
				CLANG_WARN_UNGUARDED_AVAILABILITY = YES_AGGRESSIVE;
				CLANG_WARN_UNREACHABLE_CODE = YES;
				CLANG_WARN__DUPLICATE_METHOD_MATCH = YES;
				CODE_SIGN_IDENTITY = "iPhone Developer";
				COPY_PHASE_STRIP = NO;
				DEBUG_INFORMATION_FORMAT = dwarf;
				ENABLE_STRICT_OBJC_MSGSEND = YES;
				ENABLE_TESTABILITY = YES;
				GCC_C_LANGUAGE_STANDARD = gnu11;
				GCC_DYNAMIC_NO_PIC = NO;
				GCC_NO_COMMON_BLOCKS = YES;
				GCC_OPTIMIZATION_LEVEL = 0;
				GCC_PREPROCESSOR_DEFINITIONS = (
					"DEBUG=1",
					"$(inherited)",
				);
				GCC_WARN_64_TO_32_BIT_CONVERSION = YES;
				GCC_WARN_ABOUT_RETURN_TYPE = YES_ERROR;
				GCC_WARN_UNDECLARED_SELECTOR = YES;
				GCC_WARN_UNINITIALIZED_AUTOS = YES_AGGRESSIVE;
				GCC_WARN_UNUSED_FUNCTION = YES;
				GCC_WARN_UNUSED_VARIABLE = YES;
				IPHONEOS_DEPLOYMENT_TARGET = 12.1;
				MTL_ENABLE_DEBUG_INFO = INCLUDE_SOURCE;
				MTL_FAST_MATH = YES;
				ONLY_ACTIVE_ARCH = YES;
				SDKROOT = iphoneos;
				SWIFT_ACTIVE_COMPILATION_CONDITIONS = DEBUG;
				SWIFT_OPTIMIZATION_LEVEL = "-Onone";
			};
			name = Debug;
		};
		6CE89885219D158E007593AB /* Release */ = {
			isa = XCBuildConfiguration;
			buildSettings = {
				ALWAYS_SEARCH_USER_PATHS = NO;
				CLANG_ANALYZER_NONNULL = YES;
				CLANG_ANALYZER_NUMBER_OBJECT_CONVERSION = YES_AGGRESSIVE;
				CLANG_CXX_LANGUAGE_STANDARD = "gnu++14";
				CLANG_CXX_LIBRARY = "libc++";
				CLANG_ENABLE_MODULES = YES;
				CLANG_ENABLE_OBJC_ARC = YES;
				CLANG_ENABLE_OBJC_WEAK = YES;
				CLANG_WARN_BLOCK_CAPTURE_AUTORELEASING = YES;
				CLANG_WARN_BOOL_CONVERSION = YES;
				CLANG_WARN_COMMA = YES;
				CLANG_WARN_CONSTANT_CONVERSION = YES;
				CLANG_WARN_DEPRECATED_OBJC_IMPLEMENTATIONS = YES;
				CLANG_WARN_DIRECT_OBJC_ISA_USAGE = YES_ERROR;
				CLANG_WARN_DOCUMENTATION_COMMENTS = YES;
				CLANG_WARN_EMPTY_BODY = YES;
				CLANG_WARN_ENUM_CONVERSION = YES;
				CLANG_WARN_INFINITE_RECURSION = YES;
				CLANG_WARN_INT_CONVERSION = YES;
				CLANG_WARN_NON_LITERAL_NULL_CONVERSION = YES;
				CLANG_WARN_OBJC_IMPLICIT_RETAIN_SELF = YES;
				CLANG_WARN_OBJC_LITERAL_CONVERSION = YES;
				CLANG_WARN_OBJC_ROOT_CLASS = YES_ERROR;
				CLANG_WARN_RANGE_LOOP_ANALYSIS = YES;
				CLANG_WARN_STRICT_PROTOTYPES = YES;
				CLANG_WARN_SUSPICIOUS_MOVE = YES;
				CLANG_WARN_UNGUARDED_AVAILABILITY = YES_AGGRESSIVE;
				CLANG_WARN_UNREACHABLE_CODE = YES;
				CLANG_WARN__DUPLICATE_METHOD_MATCH = YES;
				CODE_SIGN_IDENTITY = "iPhone Developer";
				COPY_PHASE_STRIP = NO;
				DEBUG_INFORMATION_FORMAT = "dwarf-with-dsym";
				ENABLE_NS_ASSERTIONS = NO;
				ENABLE_STRICT_OBJC_MSGSEND = YES;
				GCC_C_LANGUAGE_STANDARD = gnu11;
				GCC_NO_COMMON_BLOCKS = YES;
				GCC_WARN_64_TO_32_BIT_CONVERSION = YES;
				GCC_WARN_ABOUT_RETURN_TYPE = YES_ERROR;
				GCC_WARN_UNDECLARED_SELECTOR = YES;
				GCC_WARN_UNINITIALIZED_AUTOS = YES_AGGRESSIVE;
				GCC_WARN_UNUSED_FUNCTION = YES;
				GCC_WARN_UNUSED_VARIABLE = YES;
				IPHONEOS_DEPLOYMENT_TARGET = 12.1;
				MTL_ENABLE_DEBUG_INFO = NO;
				MTL_FAST_MATH = YES;
				SDKROOT = iphoneos;
				SWIFT_COMPILATION_MODE = wholemodule;
				SWIFT_OPTIMIZATION_LEVEL = "-O";
				VALIDATE_PRODUCT = YES;
			};
			name = Release;
		};
		6CE89887219D158E007593AB /* Debug */ = {
			isa = XCBuildConfiguration;
			buildSettings = {
				ASSETCATALOG_COMPILER_APPICON_NAME = AppIcon;
				CODE_SIGN_STYLE = Automatic;
				DEVELOPMENT_TEAM = GZ8V6EHCPM;
				INFOPLIST_FILE = ButtonScrollViewSample/Info.plist;
				LD_RUNPATH_SEARCH_PATHS = (
					"$(inherited)",
					"@executable_path/Frameworks",
				);
				PRODUCT_BUNDLE_IDENTIFIER = sample.ButtonScrollViewSample;
				PRODUCT_NAME = "$(TARGET_NAME)";
				SWIFT_VERSION = 4.2;
				TARGETED_DEVICE_FAMILY = "1,2";
			};
			name = Debug;
		};
		6CE89888219D158E007593AB /* Release */ = {
			isa = XCBuildConfiguration;
			buildSettings = {
				ASSETCATALOG_COMPILER_APPICON_NAME = AppIcon;
				CODE_SIGN_STYLE = Automatic;
				DEVELOPMENT_TEAM = GZ8V6EHCPM;
				INFOPLIST_FILE = ButtonScrollViewSample/Info.plist;
				LD_RUNPATH_SEARCH_PATHS = (
					"$(inherited)",
					"@executable_path/Frameworks",
				);
				PRODUCT_BUNDLE_IDENTIFIER = sample.ButtonScrollViewSample;
				PRODUCT_NAME = "$(TARGET_NAME)";
				SWIFT_VERSION = 4.2;
				TARGETED_DEVICE_FAMILY = "1,2";
			};
			name = Release;
		};
		6CE8988A219D158E007593AB /* Debug */ = {
			isa = XCBuildConfiguration;
			buildSettings = {
				ALWAYS_EMBED_SWIFT_STANDARD_LIBRARIES = YES;
				BUNDLE_LOADER = "$(TEST_HOST)";
				CODE_SIGN_STYLE = Automatic;
				DEVELOPMENT_TEAM = GZ8V6EHCPM;
				INFOPLIST_FILE = ButtonScrollViewSampleTests/Info.plist;
				LD_RUNPATH_SEARCH_PATHS = (
					"$(inherited)",
					"@executable_path/Frameworks",
					"@loader_path/Frameworks",
				);
				PRODUCT_BUNDLE_IDENTIFIER = sample.ButtonScrollViewSampleTests;
				PRODUCT_NAME = "$(TARGET_NAME)";
				SWIFT_VERSION = 4.2;
				TARGETED_DEVICE_FAMILY = "1,2";
				TEST_HOST = "$(BUILT_PRODUCTS_DIR)/ButtonScrollViewSample.app/ButtonScrollViewSample";
			};
			name = Debug;
		};
		6CE8988B219D158E007593AB /* Release */ = {
			isa = XCBuildConfiguration;
			buildSettings = {
				ALWAYS_EMBED_SWIFT_STANDARD_LIBRARIES = YES;
				BUNDLE_LOADER = "$(TEST_HOST)";
				CODE_SIGN_STYLE = Automatic;
				DEVELOPMENT_TEAM = GZ8V6EHCPM;
				INFOPLIST_FILE = ButtonScrollViewSampleTests/Info.plist;
				LD_RUNPATH_SEARCH_PATHS = (
					"$(inherited)",
					"@executable_path/Frameworks",
					"@loader_path/Frameworks",
				);
				PRODUCT_BUNDLE_IDENTIFIER = sample.ButtonScrollViewSampleTests;
				PRODUCT_NAME = "$(TARGET_NAME)";
				SWIFT_VERSION = 4.2;
				TARGETED_DEVICE_FAMILY = "1,2";
				TEST_HOST = "$(BUILT_PRODUCTS_DIR)/ButtonScrollViewSample.app/ButtonScrollViewSample";
			};
			name = Release;
		};
		6CE8988D219D158E007593AB /* Debug */ = {
			isa = XCBuildConfiguration;
			buildSettings = {
				ALWAYS_EMBED_SWIFT_STANDARD_LIBRARIES = YES;
				CODE_SIGN_STYLE = Automatic;
				DEVELOPMENT_TEAM = GZ8V6EHCPM;
				INFOPLIST_FILE = ButtonScrollViewSampleUITests/Info.plist;
				LD_RUNPATH_SEARCH_PATHS = (
					"$(inherited)",
					"@executable_path/Frameworks",
					"@loader_path/Frameworks",
				);
				PRODUCT_BUNDLE_IDENTIFIER = sample.ButtonScrollViewSampleUITests;
				PRODUCT_NAME = "$(TARGET_NAME)";
				SWIFT_VERSION = 4.2;
				TARGETED_DEVICE_FAMILY = "1,2";
				TEST_TARGET_NAME = ButtonScrollViewSample;
			};
			name = Debug;
		};
		6CE8988E219D158E007593AB /* Release */ = {
			isa = XCBuildConfiguration;
			buildSettings = {
				ALWAYS_EMBED_SWIFT_STANDARD_LIBRARIES = YES;
				CODE_SIGN_STYLE = Automatic;
				DEVELOPMENT_TEAM = GZ8V6EHCPM;
				INFOPLIST_FILE = ButtonScrollViewSampleUITests/Info.plist;
				LD_RUNPATH_SEARCH_PATHS = (
					"$(inherited)",
					"@executable_path/Frameworks",
					"@loader_path/Frameworks",
				);
				PRODUCT_BUNDLE_IDENTIFIER = sample.ButtonScrollViewSampleUITests;
				PRODUCT_NAME = "$(TARGET_NAME)";
				SWIFT_VERSION = 4.2;
				TARGETED_DEVICE_FAMILY = "1,2";
				TEST_TARGET_NAME = ButtonScrollViewSample;
			};
			name = Release;
		};
/* End XCBuildConfiguration section */

/* Begin XCConfigurationList section */
		6CE89859219D158C007593AB /* Build configuration list for PBXProject "ButtonScrollViewSample" */ = {
			isa = XCConfigurationList;
			buildConfigurations = (
				6CE89884219D158E007593AB /* Debug */,
				6CE89885219D158E007593AB /* Release */,
			);
			defaultConfigurationIsVisible = 0;
			defaultConfigurationName = Release;
		};
		6CE89886219D158E007593AB /* Build configuration list for PBXNativeTarget "ButtonScrollViewSample" */ = {
			isa = XCConfigurationList;
			buildConfigurations = (
				6CE89887219D158E007593AB /* Debug */,
				6CE89888219D158E007593AB /* Release */,
			);
			defaultConfigurationIsVisible = 0;
			defaultConfigurationName = Release;
		};
		6CE89889219D158E007593AB /* Build configuration list for PBXNativeTarget "ButtonScrollViewSampleTests" */ = {
			isa = XCConfigurationList;
			buildConfigurations = (
				6CE8988A219D158E007593AB /* Debug */,
				6CE8988B219D158E007593AB /* Release */,
			);
			defaultConfigurationIsVisible = 0;
			defaultConfigurationName = Release;
		};
		6CE8988C219D158E007593AB /* Build configuration list for PBXNativeTarget "ButtonScrollViewSampleUITests" */ = {
			isa = XCConfigurationList;
			buildConfigurations = (
				6CE8988D219D158E007593AB /* Debug */,
				6CE8988E219D158E007593AB /* Release */,
			);
			defaultConfigurationIsVisible = 0;
			defaultConfigurationName = Release;
		};
/* End XCConfigurationList section */
	};
	rootObject = 6CE89856219D158C007593AB /* Project object */;
}
